{
  "name": "flat-text-sequencer",
  "version": "1.0.1",
  "lockfileVersion": 1,
  "requires": true,
  "dependencies": {
    "esm": {
      "version": "3.0.24",
      "resolved": "https://registry.npmjs.org/esm/-/esm-3.0.24.tgz",
      "integrity": "sha512-wjjAzEMKJeUw7H7hfxXEJvqTjuAR/1rBoaqIabkSvOsiQhcrvrYkB1FbKlO70kk0Ggu7ZzeKJz0DXuhAROw9OA==",
      "dev": true
    },
    "oletus": {
      "version": "1.1.4",
      "resolved": "https://registry.npmjs.org/oletus/-/oletus-1.1.4.tgz",
      "integrity": "sha512-KuxSPsXiAOt+et5+GcFkDfvc4sU8zwRAM3LEP5ImggAqIrMGANw0kw+QEZGbnZ2XGBXOnUyyoVtsHpKjVrNggw==",
      "dev": true
    }
  }
}
