{
  "name": "flat-text-sequencer",
  "version": "1.0.0",
  "lockfileVersion": 1,
  "requires": true,
  "dependencies": {
    "esm": {
      "version": "3.0.22",
      "resolved": "https://registry.npmjs.org/esm/-/esm-3.0.22.tgz",
      "integrity": "sha512-T8CopfDAb9988faVAb2fkyiPtWAJjoXHqXu8z6jr3BUQZIdqTsWl3Z6VP3UQ9TVsAfxiwI62dEBjKmx6wBUswQ==",
      "dev": true
    },
    "oletus": {
      "version": "1.1.3",
      "resolved": "https://registry.npmjs.org/oletus/-/oletus-1.1.3.tgz",
      "integrity": "sha512-LkaX/ODcByfya3q3RQeOTrn5mC4WOxaDlZR6/g9jyttsSbdnNGcUv+Bfd37zHKg3+t4wOQqz85BQBzNTHuFcQA==",
      "dev": true
    }
  }
}
